
Microsoft Visual Studio Solution File, Format Version 12.00
# Visual Studio 2012
Project("{FAE04EC0-301F-11D3-BF4B-00C04F79EFBC}") = "ObservableCollectionDemo", "ObservableCollectionDemo\ObservableCollectionDemo.csproj", "{13487304-7B0D-469E-AB21-C8D9F77A9CC4}"
EndProject
Project("{FAE04EC0-301F-11D3-BF4B-00C04F79EFBC}") = "ObservableCollectionDemo.iOS", "iOS\ObservableCollectionDemo.iOS.csproj", "{145CC1E1-DA9B-44B0-A8DF-15A7E0491C24}"
EndProject
Project("{FAE04EC0-301F-11D3-BF4B-00C04F79EFBC}") = "ObservableCollectionDemo.Droid", "Droid\ObservableCollectionDemo.Droid.csproj", "{12ACD290-99EF-4292-A75B-1A0B0B00B9D9}"
EndProject
Global
	GlobalSection(SolutionConfigurationPlatforms) = preSolution
		Debug|Any CPU = Debug|Any CPU
		Release|Any CPU = Release|Any CPU
		Debug|iPhoneSimulator = Debug|iPhoneSimulator
		Release|iPhone = Release|iPhone
		Release|iPhoneSimulator = Release|iPhoneSimulator
		Debug|iPhone = Debug|iPhone
	EndGlobalSection
	GlobalSection(ProjectConfigurationPlatforms) = postSolution
		{13487304-7B0D-469E-AB21-C8D9F77A9CC4}.Debug|Any CPU.ActiveCfg = Debug|Any CPU
		{13487304-7B0D-469E-AB21-C8D9F77A9CC4}.Debug|Any CPU.Build.0 = Debug|Any CPU
		{13487304-7B0D-469E-AB21-C8D9F77A9CC4}.Release|Any CPU.ActiveCfg = Release|Any CPU
		{13487304-7B0D-469E-AB21-C8D9F77A9CC4}.Release|Any CPU.Build.0 = Release|Any CPU
		{13487304-7B0D-469E-AB21-C8D9F77A9CC4}.Debug|iPhoneSimulator.ActiveCfg = Debug|Any CPU
		{13487304-7B0D-469E-AB21-C8D9F77A9CC4}.Debug|iPhoneSimulator.Build.0 = Debug|Any CPU
		{13487304-7B0D-469E-AB21-C8D9F77A9CC4}.Release|iPhone.ActiveCfg = Release|Any CPU
		{13487304-7B0D-469E-AB21-C8D9F77A9CC4}.Release|iPhone.Build.0 = Release|Any CPU
		{13487304-7B0D-469E-AB21-C8D9F77A9CC4}.Release|iPhoneSimulator.ActiveCfg = Release|Any CPU
		{13487304-7B0D-469E-AB21-C8D9F77A9CC4}.Release|iPhoneSimulator.Build.0 = Release|Any CPU
		{13487304-7B0D-469E-AB21-C8D9F77A9CC4}.Debug|iPhone.ActiveCfg = Debug|Any CPU
		{13487304-7B0D-469E-AB21-C8D9F77A9CC4}.Debug|iPhone.Build.0 = Debug|Any CPU
		{145CC1E1-DA9B-44B0-A8DF-15A7E0491C24}.Debug|Any CPU.ActiveCfg = Debug|iPhoneSimulator
		{145CC1E1-DA9B-44B0-A8DF-15A7E0491C24}.Debug|Any CPU.Build.0 = Debug|iPhoneSimulator
		{145CC1E1-DA9B-44B0-A8DF-15A7E0491C24}.Release|Any CPU.ActiveCfg = Release|iPhone
		{145CC1E1-DA9B-44B0-A8DF-15A7E0491C24}.Release|Any CPU.Build.0 = Release|iPhone
		{145CC1E1-DA9B-44B0-A8DF-15A7E0491C24}.Debug|iPhoneSimulator.ActiveCfg = Debug|iPhoneSimulator
		{145CC1E1-DA9B-44B0-A8DF-15A7E0491C24}.Debug|iPhoneSimulator.Build.0 = Debug|iPhoneSimulator
		{145CC1E1-DA9B-44B0-A8DF-15A7E0491C24}.Release|iPhone.ActiveCfg = Release|iPhone
		{145CC1E1-DA9B-44B0-A8DF-15A7E0491C24}.Release|iPhone.Build.0 = Release|iPhone
		{145CC1E1-DA9B-44B0-A8DF-15A7E0491C24}.Release|iPhoneSimulator.ActiveCfg = Release|iPhoneSimulator
		{145CC1E1-DA9B-44B0-A8DF-15A7E0491C24}.Release|iPhoneSimulator.Build.0 = Release|iPhoneSimulator
		{145CC1E1-DA9B-44B0-A8DF-15A7E0491C24}.Debug|iPhone.ActiveCfg = Debug|iPhone
		{145CC1E1-DA9B-44B0-A8DF-15A7E0491C24}.Debug|iPhone.Build.0 = Debug|iPhone
		{12ACD290-99EF-4292-A75B-1A0B0B00B9D9}.Debug|Any CPU.ActiveCfg = Debug|Any CPU
		{12ACD290-99EF-4292-A75B-1A0B0B00B9D9}.Debug|Any CPU.Build.0 = Debug|Any CPU
		{12ACD290-99EF-4292-A75B-1A0B0B00B9D9}.Release|Any CPU.ActiveCfg = Release|Any CPU
		{12ACD290-99EF-4292-A75B-1A0B0B00B9D9}.Release|Any CPU.Build.0 = Release|Any CPU
		{12ACD290-99EF-4292-A75B-1A0B0B00B9D9}.Debug|iPhoneSimulator.ActiveCfg = Debug|Any CPU
		{12ACD290-99EF-4292-A75B-1A0B0B00B9D9}.Debug|iPhoneSimulator.Build.0 = Debug|Any CPU
		{12ACD290-99EF-4292-A75B-1A0B0B00B9D9}.Release|iPhone.ActiveCfg = Release|Any CPU
		{12ACD290-99EF-4292-A75B-1A0B0B00B9D9}.Release|iPhone.Build.0 = Release|Any CPU
		{12ACD290-99EF-4292-A75B-1A0B0B00B9D9}.Release|iPhoneSimulator.ActiveCfg = Release|Any CPU
		{12ACD290-99EF-4292-A75B-1A0B0B00B9D9}.Release|iPhoneSimulator.Build.0 = Release|Any CPU
		{12ACD290-99EF-4292-A75B-1A0B0B00B9D9}.Debug|iPhone.ActiveCfg = Debug|Any CPU
		{12ACD290-99EF-4292-A75B-1A0B0B00B9D9}.Debug|iPhone.Build.0 = Debug|Any CPU
	EndGlobalSection
EndGlobal
